
Microsoft Visual Studio Solution File, Format Version 12.00
# Visual Studio Version 16
VisualStudioVersion = 16.0.31515.178
MinimumVisualStudioVersion = 10.0.40219.1
Project("{FAE04EC0-301F-11D3-BF4B-00C04F79EFBC}") = "Tests", "Tests\Tests.csproj", "{C8775A66-A9EA-4455-BC94-93FFD40E7158}"
EndProject
Project("{FAE04EC0-301F-11D3-BF4B-00C04F79EFBC}") = "CsGenTools", "CsGenTools\CsGenTools.csproj", "{7FB222D5-327F-4696-8C10-AEA748CCC787}"
EndProject
Global
	GlobalSection(SolutionConfigurationPlatforms) = preSolution
		Debug|Any CPU = Debug|Any CPU
		Debug|Mixed Platforms = Debug|Mixed Platforms
		Debug|x86 = Debug|x86
		Release|Any CPU = Release|Any CPU
		Release|Mixed Platforms = Release|Mixed Platforms
		Release|x86 = Release|x86
	EndGlobalSection
	GlobalSection(ProjectConfigurationPlatforms) = postSolution
		{C8775A66-A9EA-4455-BC94-93FFD40E7158}.Debug|Any CPU.ActiveCfg = Debug|Any CPU
		{C8775A66-A9EA-4455-BC94-93FFD40E7158}.Debug|Any CPU.Build.0 = Debug|Any CPU
		{C8775A66-A9EA-4455-BC94-93FFD40E7158}.Debug|Mixed Platforms.ActiveCfg = Debug|Any CPU
		{C8775A66-A9EA-4455-BC94-93FFD40E7158}.Debug|Mixed Platforms.Build.0 = Debug|Any CPU
		{C8775A66-A9EA-4455-BC94-93FFD40E7158}.Debug|x86.ActiveCfg = Debug|Any CPU
		{C8775A66-A9EA-4455-BC94-93FFD40E7158}.Release|Any CPU.ActiveCfg = Release|Any CPU
		{C8775A66-A9EA-4455-BC94-93FFD40E7158}.Release|Any CPU.Build.0 = Release|Any CPU
		{C8775A66-A9EA-4455-BC94-93FFD40E7158}.Release|Mixed Platforms.ActiveCfg = Release|Any CPU
		{C8775A66-A9EA-4455-BC94-93FFD40E7158}.Release|Mixed Platforms.Build.0 = Release|Any CPU
		{C8775A66-A9EA-4455-BC94-93FFD40E7158}.Release|x86.ActiveCfg = Release|Any CPU
		{7FB222D5-327F-4696-8C10-AEA748CCC787}.Debug|Any CPU.ActiveCfg = Debug|Any CPU
		{7FB222D5-327F-4696-8C10-AEA748CCC787}.Debug|Any CPU.Build.0 = Debug|Any CPU
		{7FB222D5-327F-4696-8C10-AEA748CCC787}.Debug|Mixed Platforms.ActiveCfg = Debug|Any CPU
		{7FB222D5-327F-4696-8C10-AEA748CCC787}.Debug|Mixed Platforms.Build.0 = Debug|Any CPU
		{7FB222D5-327F-4696-8C10-AEA748CCC787}.Debug|x86.ActiveCfg = Debug|Any CPU
		{7FB222D5-327F-4696-8C10-AEA748CCC787}.Debug|x86.Build.0 = Debug|Any CPU
		{7FB222D5-327F-4696-8C10-AEA748CCC787}.Release|Any CPU.ActiveCfg = Release|Any CPU
		{7FB222D5-327F-4696-8C10-AEA748CCC787}.Release|Any CPU.Build.0 = Release|Any CPU
		{7FB222D5-327F-4696-8C10-AEA748CCC787}.Release|Mixed Platforms.ActiveCfg = Release|Any CPU
		{7FB222D5-327F-4696-8C10-AEA748CCC787}.Release|Mixed Platforms.Build.0 = Release|Any CPU
		{7FB222D5-327F-4696-8C10-AEA748CCC787}.Release|x86.ActiveCfg = Release|Any CPU
		{7FB222D5-327F-4696-8C10-AEA748CCC787}.Release|x86.Build.0 = Release|Any CPU
	EndGlobalSection
	GlobalSection(SolutionProperties) = preSolution
		HideSolutionNode = FALSE
	EndGlobalSection
	GlobalSection(ExtensibilityGlobals) = postSolution
		SolutionGuid = {E5C5409C-D416-47C5-A35A-A3EDAFB6955B}
	EndGlobalSection
EndGlobal
